
Microsoft Visual Studio Solution File, Format Version 12.00
# Visual Studio Version 17
VisualStudioVersion = 17.4.33103.184
MinimumVisualStudioVersion = 10.0.40219.1
Project("{FAE04EC0-301F-11D3-BF4B-00C04F79EFBC}") = "Ajax_Test_Application", "Ajax_Test_Application\Ajax_Test_Application.csproj", "{34C1EF3B-E8D1-421B-B237-E16A2F1AF984}"
EndProject
Global
	GlobalSection(SolutionConfigurationPlatforms) = preSolution
		Debug|Any CPU = Debug|Any CPU
		Release|Any CPU = Release|Any CPU
	EndGlobalSection
	GlobalSection(ProjectConfigurationPlatforms) = postSolution
		{34C1EF3B-E8D1-421B-B237-E16A2F1AF984}.Debug|Any CPU.ActiveCfg = Debug|Any CPU
		{34C1EF3B-E8D1-421B-B237-E16A2F1AF984}.Debug|Any CPU.Build.0 = Debug|Any CPU
		{34C1EF3B-E8D1-421B-B237-E16A2F1AF984}.Release|Any CPU.ActiveCfg = Release|Any CPU
		{34C1EF3B-E8D1-421B-B237-E16A2F1AF984}.Release|Any CPU.Build.0 = Release|Any CPU
	EndGlobalSection
	GlobalSection(SolutionProperties) = preSolution
		HideSolutionNode = FALSE
	EndGlobalSection
	GlobalSection(ExtensibilityGlobals) = postSolution
		SolutionGuid = {9A26EC1F-B258-4197-AC37-DB6358DBA2D9}
	EndGlobalSection
EndGlobal
